
Microsoft Visual Studio Solution File, Format Version 12.00
# Visual Studio Version 16
VisualStudioVersion = 16.0.30621.155
MinimumVisualStudioVersion = 10.0.40219.1
Project("{8BC9CEB8-8B4A-11D0-8D11-00A0C91BC942}") = "Subsets2", "Subsets2.vcxproj", "{3D280007-0F60-435E-8D3A-FF009E2E63F7}"
EndProject
Global
	GlobalSection(SolutionConfigurationPlatforms) = preSolution
		Debug|x64 = Debug|x64
		Debug|x86 = Debug|x86
		Release|x64 = Release|x64
		Release|x86 = Release|x86
	EndGlobalSection
	GlobalSection(ProjectConfigurationPlatforms) = postSolution
		{3D280007-0F60-435E-8D3A-FF009E2E63F7}.Debug|x64.ActiveCfg = Debug|x64
		{3D280007-0F60-435E-8D3A-FF009E2E63F7}.Debug|x64.Build.0 = Debug|x64
		{3D280007-0F60-435E-8D3A-FF009E2E63F7}.Debug|x86.ActiveCfg = Debug|Win32
		{3D280007-0F60-435E-8D3A-FF009E2E63F7}.Debug|x86.Build.0 = Debug|Win32
		{3D280007-0F60-435E-8D3A-FF009E2E63F7}.Release|x64.ActiveCfg = Release|x64
		{3D280007-0F60-435E-8D3A-FF009E2E63F7}.Release|x64.Build.0 = Release|x64
		{3D280007-0F60-435E-8D3A-FF009E2E63F7}.Release|x86.ActiveCfg = Release|Win32
		{3D280007-0F60-435E-8D3A-FF009E2E63F7}.Release|x86.Build.0 = Release|Win32
	EndGlobalSection
	GlobalSection(SolutionProperties) = preSolution
		HideSolutionNode = FALSE
	EndGlobalSection
	GlobalSection(ExtensibilityGlobals) = postSolution
		SolutionGuid = {CC953E9B-8BFA-4AA1-9AC3-D1C952A6F4D0}
	EndGlobalSection
EndGlobal
